
Microsoft Visual Studio Solution File, Format Version 12.00
# Visual Studio Version 17
VisualStudioVersion = 17.4.33110.190
MinimumVisualStudioVersion = 10.0.40219.1
Project("{FAE04EC0-301F-11D3-BF4B-00C04F79EFBC}") = "Geometria", "Geometria\Geometria.csproj", "{6A9A399C-1098-4F27-9FFC-33BF8B1A4AEF}"
EndProject
Global
	GlobalSection(SolutionConfigurationPlatforms) = preSolution
		Debug|Any CPU = Debug|Any CPU
		Release|Any CPU = Release|Any CPU
	EndGlobalSection
	GlobalSection(ProjectConfigurationPlatforms) = postSolution
		{6A9A399C-1098-4F27-9FFC-33BF8B1A4AEF}.Debug|Any CPU.ActiveCfg = Debug|Any CPU
		{6A9A399C-1098-4F27-9FFC-33BF8B1A4AEF}.Debug|Any CPU.Build.0 = Debug|Any CPU
		{6A9A399C-1098-4F27-9FFC-33BF8B1A4AEF}.Release|Any CPU.ActiveCfg = Release|Any CPU
		{6A9A399C-1098-4F27-9FFC-33BF8B1A4AEF}.Release|Any CPU.Build.0 = Release|Any CPU
	EndGlobalSection
	GlobalSection(SolutionProperties) = preSolution
		HideSolutionNode = FALSE
	EndGlobalSection
	GlobalSection(ExtensibilityGlobals) = postSolution
		SolutionGuid = {0EBE0FE0-3BB7-4F9B-8F88-2EB1CAD47868}
	EndGlobalSection
EndGlobal
